// !$*UTF8*$!
{
	archiveVersion = 1;
	classes = {
	};
	objectVersion = 56;
	objects = {

/* Begin PBXBuildFile section */
		88B4006F2BBBBF1F00433B76 /* Order.swift in Sources */ = {isa = PBXBuildFile; fileRef = 88B4006E2BBBBF1F00433B76 /* Order.swift */; };
		88B400722BBBBFE300433B76 /* Webservice.swift in Sources */ = {isa = PBXBuildFile; fileRef = 88B400712BBBBFE300433B76 /* Webservice.swift */; };
		88B400762BBBC33F00433B76 /* OrderListViewModel.swift in Sources */ = {isa = PBXBuildFile; fileRef = 88B400752BBBC33F00433B76 /* OrderListViewModel.swift */; };
		88B400792BBBC52F00433B76 /* OrderListView.swift in Sources */ = {isa = PBXBuildFile; fileRef = 88B400782BBBC52F00433B76 /* OrderListView.swift */; };
		88B609992BB3A4AD0007E667 /* coffeeApp.swift in Sources */ = {isa = PBXBuildFile; fileRef = 88B609982BB3A4AD0007E667 /* coffeeApp.swift */; };
		88B6099B2BB3A4AD0007E667 /* ContentView.swift in Sources */ = {isa = PBXBuildFile; fileRef = 88B6099A2BB3A4AD0007E667 /* ContentView.swift */; };
		88B6099D2BB3A4AF0007E667 /* Assets.xcassets in Resources */ = {isa = PBXBuildFile; fileRef = 88B6099C2BB3A4AF0007E667 /* Assets.xcassets */; };
		88B609A02BB3A4AF0007E667 /* Preview Assets.xcassets in Resources */ = {isa = PBXBuildFile; fileRef = 88B6099F2BB3A4AF0007E667 /* Preview Assets.xcassets */; };
		88B609AA2BB3A4AF0007E667 /* coffeeTests.swift in Sources */ = {isa = PBXBuildFile; fileRef = 88B609A92BB3A4AF0007E667 /* coffeeTests.swift */; };
		88B609B42BB3A4AF0007E667 /* coffeeUITests.swift in Sources */ = {isa = PBXBuildFile; fileRef = 88B609B32BB3A4AF0007E667 /* coffeeUITests.swift */; };
		88B609B62BB3A4AF0007E667 /* coffeeUITestsLaunchTests.swift in Sources */ = {isa = PBXBuildFile; fileRef = 88B609B52BB3A4AF0007E667 /* coffeeUITestsLaunchTests.swift */; };
		88B609C42BB3A5060007E667 /* Coffee.swift in Sources */ = {isa = PBXBuildFile; fileRef = 88B609C32BB3A5060007E667 /* Coffee.swift */; };
/* End PBXBuildFile section */

/* Begin PBXContainerItemProxy section */
		88B609A62BB3A4AF0007E667 /* PBXContainerItemProxy */ = {
			isa = PBXContainerItemProxy;
			containerPortal = 88B6098D2BB3A4AD0007E667 /* Project object */;
			proxyType = 1;
			remoteGlobalIDString = 88B609942BB3A4AD0007E667;
			remoteInfo = coffee;
		};
		88B609B02BB3A4AF0007E667 /* PBXContainerItemProxy */ = {
			isa = PBXContainerItemProxy;
			containerPortal = 88B6098D2BB3A4AD0007E667 /* Project object */;
			proxyType = 1;
			remoteGlobalIDString = 88B609942BB3A4AD0007E667;
			remoteInfo = coffee;
		};
/* End PBXContainerItemProxy section */

/* Begin PBXFileReference section */
		88B4006E2BBBBF1F00433B76 /* Order.swift */ = {isa = PBXFileReference; lastKnownFileType = sourcecode.swift; path = Order.swift; sourceTree = "<group>"; };
		88B400712BBBBFE300433B76 /* Webservice.swift */ = {isa = PBXFileReference; lastKnownFileType = sourcecode.swift; path = Webservice.swift; sourceTree = "<group>"; };
		88B400732BBBC25000433B76 /* Info.plist */ = {isa = PBXFileReference; lastKnownFileType = text.plist; path = Info.plist; sourceTree = "<group>"; };
		88B400752BBBC33F00433B76 /* OrderListViewModel.swift */ = {isa = PBXFileReference; lastKnownFileType = sourcecode.swift; path = OrderListViewModel.swift; sourceTree = "<group>"; };
		88B400782BBBC52F00433B76 /* OrderListView.swift */ = {isa = PBXFileReference; lastKnownFileType = sourcecode.swift; path = OrderListView.swift; sourceTree = "<group>"; };
		88B609952BB3A4AD0007E667 /* coffee.app */ = {isa = PBXFileReference; explicitFileType = wrapper.application; includeInIndex = 0; path = coffee.app; sourceTree = BUILT_PRODUCTS_DIR; };
		88B609982BB3A4AD0007E667 /* coffeeApp.swift */ = {isa = PBXFileReference; lastKnownFileType = sourcecode.swift; path = coffeeApp.swift; sourceTree = "<group>"; };
		88B6099A2BB3A4AD0007E667 /* ContentView.swift */ = {isa = PBXFileReference; lastKnownFileType = sourcecode.swift; path = ContentView.swift; sourceTree = "<group>"; };
		88B6099C2BB3A4AF0007E667 /* Assets.xcassets */ = {isa = PBXFileReference; lastKnownFileType = folder.assetcatalog; path = Assets.xcassets; sourceTree = "<group>"; };
		88B6099F2BB3A4AF0007E667 /* Preview Assets.xcassets */ = {isa = PBXFileReference; lastKnownFileType = folder.assetcatalog; path = "Preview Assets.xcassets"; sourceTree = "<group>"; };
		88B609A52BB3A4AF0007E667 /* coffeeTests.xctest */ = {isa = PBXFileReference; explicitFileType = wrapper.cfbundle; includeInIndex = 0; path = coffeeTests.xctest; sourceTree = BUILT_PRODUCTS_DIR; };
		88B609A92BB3A4AF0007E667 /* coffeeTests.swift */ = {isa = PBXFileReference; lastKnownFileType = sourcecode.swift; path = coffeeTests.swift; sourceTree = "<group>"; };
		88B609AF2BB3A4AF0007E667 /* coffeeUITests.xctest */ = {isa = PBXFileReference; explicitFileType = wrapper.cfbundle; includeInIndex = 0; path = coffeeUITests.xctest; sourceTree = BUILT_PRODUCTS_DIR; };
		88B609B32BB3A4AF0007E667 /* coffeeUITests.swift */ = {isa = PBXFileReference; lastKnownFileType = sourcecode.swift; path = coffeeUITests.swift; sourceTree = "<group>"; };
		88B609B52BB3A4AF0007E667 /* coffeeUITestsLaunchTests.swift */ = {isa = PBXFileReference; lastKnownFileType = sourcecode.swift; path = coffeeUITestsLaunchTests.swift; sourceTree = "<group>"; };
		88B609C32BB3A5060007E667 /* Coffee.swift */ = {isa = PBXFileReference; lastKnownFileType = sourcecode.swift; path = Coffee.swift; sourceTree = "<group>"; };
/* End PBXFileReference section */

/* Begin PBXFrameworksBuildPhase section */
		88B609922BB3A4AD0007E667 /* Frameworks */ = {
			isa = PBXFrameworksBuildPhase;
			buildActionMask = 2147483647;
			files = (
			);
			runOnlyForDeploymentPostprocessing = 0;
		};
		88B609A22BB3A4AF0007E667 /* Frameworks */ = {
			isa = PBXFrameworksBuildPhase;
			buildActionMask = 2147483647;
			files = (
			);
			runOnlyForDeploymentPostprocessing = 0;
		};
		88B609AC2BB3A4AF0007E667 /* Frameworks */ = {
			isa = PBXFrameworksBuildPhase;
			buildActionMask = 2147483647;
			files = (
			);
			runOnlyForDeploymentPostprocessing = 0;
		};
/* End PBXFrameworksBuildPhase section */

/* Begin PBXGroup section */
		88B400702BBBBFD300433B76 /* Services */ = {
			isa = PBXGroup;
			children = (
				88B400712BBBBFE300433B76 /* Webservice.swift */,
			);
			path = Services;
			sourceTree = "<group>";
		};
		88B400742BBBC32F00433B76 /* View Models */ = {
			isa = PBXGroup;
			children = (
				88B400752BBBC33F00433B76 /* OrderListViewModel.swift */,
			);
			path = "View Models";
			sourceTree = "<group>";
		};
		88B400772BBBC4F500433B76 /* Views */ = {
			isa = PBXGroup;
			children = (
				88B6099A2BB3A4AD0007E667 /* ContentView.swift */,
				88B400782BBBC52F00433B76 /* OrderListView.swift */,
			);
			path = Views;
			sourceTree = "<group>";
		};
		88B6098C2BB3A4AD0007E667 = {
			isa = PBXGroup;
			children = (
				88B609972BB3A4AD0007E667 /* coffee */,
				88B609A82BB3A4AF0007E667 /* coffeeTests */,
				88B609B22BB3A4AF0007E667 /* coffeeUITests */,
				88B609962BB3A4AD0007E667 /* Products */,
			);
			sourceTree = "<group>";
		};
		88B609962BB3A4AD0007E667 /* Products */ = {
			isa = PBXGroup;
			children = (
				88B609952BB3A4AD0007E667 /* coffee.app */,
				88B609A52BB3A4AF0007E667 /* coffeeTests.xctest */,
				88B609AF2BB3A4AF0007E667 /* coffeeUITests.xctest */,
			);
			name = Products;
			sourceTree = "<group>";
		};
		88B609972BB3A4AD0007E667 /* coffee */ = {
			isa = PBXGroup;
			children = (
				88B400772BBBC4F500433B76 /* Views */,
				88B400742BBBC32F00433B76 /* View Models */,
				88B400732BBBC25000433B76 /* Info.plist */,
				88B400702BBBBFD300433B76 /* Services */,
				88B609C22BB3A4EF0007E667 /* Models */,
				88B609982BB3A4AD0007E667 /* coffeeApp.swift */,
				88B6099C2BB3A4AF0007E667 /* Assets.xcassets */,
				88B6099E2BB3A4AF0007E667 /* Preview Content */,
			);
			path = coffee;
			sourceTree = "<group>";
		};
		88B6099E2BB3A4AF0007E667 /* Preview Content */ = {
			isa = PBXGroup;
			children = (
				88B6099F2BB3A4AF0007E667 /* Preview Assets.xcassets */,
			);
			path = "Preview Content";
			sourceTree = "<group>";
		};
		88B609A82BB3A4AF0007E667 /* coffeeTests */ = {
			isa = PBXGroup;
			children = (
				88B609A92BB3A4AF0007E667 /* coffeeTests.swift */,
			);
			path = coffeeTests;
			sourceTree = "<group>";
		};
		88B609B22BB3A4AF0007E667 /* coffeeUITests */ = {
			isa = PBXGroup;
			children = (
				88B609B32BB3A4AF0007E667 /* coffeeUITests.swift */,
				88B609B52BB3A4AF0007E667 /* coffeeUITestsLaunchTests.swift */,
			);
			path = coffeeUITests;
			sourceTree = "<group>";
		};
		88B609C22BB3A4EF0007E667 /* Models */ = {
			isa = PBXGroup;
			children = (
				88B609C32BB3A5060007E667 /* Coffee.swift */,
				88B4006E2BBBBF1F00433B76 /* Order.swift */,
			);
			path = Models;
			sourceTree = "<group>";
		};
/* End PBXGroup section */

/* Begin PBXNativeTarget section */
		88B609942BB3A4AD0007E667 /* coffee */ = {
			isa = PBXNativeTarget;
			buildConfigurationList = 88B609B92BB3A4AF0007E667 /* Build configuration list for PBXNativeTarget "coffee" */;
			buildPhases = (
				88B609912BB3A4AD0007E667 /* Sources */,
				88B609922BB3A4AD0007E667 /* Frameworks */,
				88B609932BB3A4AD0007E667 /* Resources */,
			);
			buildRules = (
			);
			dependencies = (
			);
			name = coffee;
			productName = coffee;
			productReference = 88B609952BB3A4AD0007E667 /* coffee.app */;
			productType = "com.apple.product-type.application";
		};
		88B609A42BB3A4AF0007E667 /* coffeeTests */ = {
			isa = PBXNativeTarget;
			buildConfigurationList = 88B609BC2BB3A4AF0007E667 /* Build configuration list for PBXNativeTarget "coffeeTests" */;
			buildPhases = (
				88B609A12BB3A4AF0007E667 /* Sources */,
				88B609A22BB3A4AF0007E667 /* Frameworks */,
				88B609A32BB3A4AF0007E667 /* Resources */,
			);
			buildRules = (
			);
			dependencies = (
				88B609A72BB3A4AF0007E667 /* PBXTargetDependency */,
			);
			name = coffeeTests;
			productName = coffeeTests;
			productReference = 88B609A52BB3A4AF0007E667 /* coffeeTests.xctest */;
			productType = "com.apple.product-type.bundle.unit-test";
		};
		88B609AE2BB3A4AF0007E667 /* coffeeUITests */ = {
			isa = PBXNativeTarget;
			buildConfigurationList = 88B609BF2BB3A4AF0007E667 /* Build configuration list for PBXNativeTarget "coffeeUITests" */;
			buildPhases = (
				88B609AB2BB3A4AF0007E667 /* Sources */,
				88B609AC2BB3A4AF0007E667 /* Frameworks */,
				88B609AD2BB3A4AF0007E667 /* Resources */,
			);
			buildRules = (
			);
			dependencies = (
				88B609B12BB3A4AF0007E667 /* PBXTargetDependency */,
			);
			name = coffeeUITests;
			productName = coffeeUITests;
			productReference = 88B609AF2BB3A4AF0007E667 /* coffeeUITests.xctest */;
			productType = "com.apple.product-type.bundle.ui-testing";
		};
/* End PBXNativeTarget section */

/* Begin PBXProject section */
		88B6098D2BB3A4AD0007E667 /* Project object */ = {
			isa = PBXProject;
			attributes = {
				BuildIndependentTargetsInParallel = 1;
				LastSwiftUpdateCheck = 1520;
				LastUpgradeCheck = 1520;
				TargetAttributes = {
					88B609942BB3A4AD0007E667 = {
						CreatedOnToolsVersion = 15.2;
					};
					88B609A42BB3A4AF0007E667 = {
						CreatedOnToolsVersion = 15.2;
						TestTargetID = 88B609942BB3A4AD0007E667;
					};
					88B609AE2BB3A4AF0007E667 = {
						CreatedOnToolsVersion = 15.2;
						TestTargetID = 88B609942BB3A4AD0007E667;
					};
				};
			};
			buildConfigurationList = 88B609902BB3A4AD0007E667 /* Build configuration list for PBXProject "coffee" */;
			compatibilityVersion = "Xcode 14.0";
			developmentRegion = en;
			hasScannedForEncodings = 0;
			knownRegions = (
				en,
				Base,
			);
			mainGroup = 88B6098C2BB3A4AD0007E667;
			productRefGroup = 88B609962BB3A4AD0007E667 /* Products */;
			projectDirPath = "";
			projectRoot = "";
			targets = (
				88B609942BB3A4AD0007E667 /* coffee */,
				88B609A42BB3A4AF0007E667 /* coffeeTests */,
				88B609AE2BB3A4AF0007E667 /* coffeeUITests */,
			);
		};
/* End PBXProject section */

/* Begin PBXResourcesBuildPhase section */
		88B609932BB3A4AD0007E667 /* Resources */ = {
			isa = PBXResourcesBuildPhase;
			buildActionMask = 2147483647;
			files = (
				88B609A02BB3A4AF0007E667 /* Preview Assets.xcassets in Resources */,
				88B6099D2BB3A4AF0007E667 /* Assets.xcassets in Resources */,
			);
			runOnlyForDeploymentPostprocessing = 0;
		};
		88B609A32BB3A4AF0007E667 /* Resources */ = {
			isa = PBXResourcesBuildPhase;
			buildActionMask = 2147483647;
			files = (
			);
			runOnlyForDeploymentPostprocessing = 0;
		};
		88B609AD2BB3A4AF0007E667 /* Resources */ = {
			isa = PBXResourcesBuildPhase;
			buildActionMask = 2147483647;
			files = (
			);
			runOnlyForDeploymentPostprocessing = 0;
		};
/* End PBXResourcesBuildPhase section */

/* Begin PBXSourcesBuildPhase section */
		88B609912BB3A4AD0007E667 /* Sources */ = {
			isa = PBXSourcesBuildPhase;
			buildActionMask = 2147483647;
			files = (
				88B6099B2BB3A4AD0007E667 /* ContentView.swift in Sources */,
				88B609992BB3A4AD0007E667 /* coffeeApp.swift in Sources */,
				88B4006F2BBBBF1F00433B76 /* Order.swift in Sources */,
				88B400792BBBC52F00433B76 /* OrderListView.swift in Sources */,
				88B400762BBBC33F00433B76 /* OrderListViewModel.swift in Sources */,
				88B400722BBBBFE300433B76 /* Webservice.swift in Sources */,
				88B609C42BB3A5060007E667 /* Coffee.swift in Sources */,
			);
			runOnlyForDeploymentPostprocessing = 0;
		};
		88B609A12BB3A4AF0007E667 /* Sources */ = {
			isa = PBXSourcesBuildPhase;
			buildActionMask = 2147483647;
			files = (
				88B609AA2BB3A4AF0007E667 /* coffeeTests.swift in Sources */,
			);
			runOnlyForDeploymentPostprocessing = 0;
		};
		88B609AB2BB3A4AF0007E667 /* Sources */ = {
			isa = PBXSourcesBuildPhase;
			buildActionMask = 2147483647;
			files = (
				88B609B62BB3A4AF0007E667 /* coffeeUITestsLaunchTests.swift in Sources */,
				88B609B42BB3A4AF0007E667 /* coffeeUITests.swift in Sources */,
			);
			runOnlyForDeploymentPostprocessing = 0;
		};
/* End PBXSourcesBuildPhase section */

/* Begin PBXTargetDependency section */
		88B609A72BB3A4AF0007E667 /* PBXTargetDependency */ = {
			isa = PBXTargetDependency;
			target = 88B609942BB3A4AD0007E667 /* coffee */;
			targetProxy = 88B609A62BB3A4AF0007E667 /* PBXContainerItemProxy */;
		};
		88B609B12BB3A4AF0007E667 /* PBXTargetDependency */ = {
			isa = PBXTargetDependency;
			target = 88B609942BB3A4AD0007E667 /* coffee */;
			targetProxy = 88B609B02BB3A4AF0007E667 /* PBXContainerItemProxy */;
		};
/* End PBXTargetDependency section */

/* Begin XCBuildConfiguration section */
		88B609B72BB3A4AF0007E667 /* Debug */ = {
			isa = XCBuildConfiguration;
			buildSettings = {
				ALWAYS_SEARCH_USER_PATHS = NO;
				ASSETCATALOG_COMPILER_GENERATE_SWIFT_ASSET_SYMBOL_EXTENSIONS = YES;
				CLANG_ANALYZER_NONNULL = YES;
				CLANG_ANALYZER_NUMBER_OBJECT_CONVERSION = YES_AGGRESSIVE;
				CLANG_CXX_LANGUAGE_STANDARD = "gnu++20";
				CLANG_ENABLE_MODULES = YES;
				CLANG_ENABLE_OBJC_ARC = YES;
				CLANG_ENABLE_OBJC_WEAK = YES;
				CLANG_WARN_BLOCK_CAPTURE_AUTORELEASING = YES;
				CLANG_WARN_BOOL_CONVERSION = YES;
				CLANG_WARN_COMMA = YES;
				CLANG_WARN_CONSTANT_CONVERSION = YES;
				CLANG_WARN_DEPRECATED_OBJC_IMPLEMENTATIONS = YES;
				CLANG_WARN_DIRECT_OBJC_ISA_USAGE = YES_ERROR;
				CLANG_WARN_DOCUMENTATION_COMMENTS = YES;
				CLANG_WARN_EMPTY_BODY = YES;
				CLANG_WARN_ENUM_CONVERSION = YES;
				CLANG_WARN_INFINITE_RECURSION = YES;
				CLANG_WARN_INT_CONVERSION = YES;
				CLANG_WARN_NON_LITERAL_NULL_CONVERSION = YES;
				CLANG_WARN_OBJC_IMPLICIT_RETAIN_SELF = YES;
				CLANG_WARN_OBJC_LITERAL_CONVERSION = YES;
				CLANG_WARN_OBJC_ROOT_CLASS = YES_ERROR;
				CLANG_WARN_QUOTED_INCLUDE_IN_FRAMEWORK_HEADER = YES;
				CLANG_WARN_RANGE_LOOP_ANALYSIS = YES;
				CLANG_WARN_STRICT_PROTOTYPES = YES;
				CLANG_WARN_SUSPICIOUS_MOVE = YES;
				CLANG_WARN_UNGUARDED_AVAILABILITY = YES_AGGRESSIVE;
				CLANG_WARN_UNREACHABLE_CODE = YES;
				CLANG_WARN__DUPLICATE_METHOD_MATCH = YES;
				COPY_PHASE_STRIP = NO;
				DEBUG_INFORMATION_FORMAT = dwarf;
				ENABLE_STRICT_OBJC_MSGSEND = YES;
				ENABLE_TESTABILITY = YES;
				ENABLE_USER_SCRIPT_SANDBOXING = YES;
				GCC_C_LANGUAGE_STANDARD = gnu17;
				GCC_DYNAMIC_NO_PIC = NO;
				GCC_NO_COMMON_BLOCKS = YES;
				GCC_OPTIMIZATION_LEVEL = 0;
				GCC_PREPROCESSOR_DEFINITIONS = (
					"DEBUG=1",
					"$(inherited)",
				);
				GCC_WARN_64_TO_32_BIT_CONVERSION = YES;
				GCC_WARN_ABOUT_RETURN_TYPE = YES_ERROR;
				GCC_WARN_UNDECLARED_SELECTOR = YES;
				GCC_WARN_UNINITIALIZED_AUTOS = YES_AGGRESSIVE;
				GCC_WARN_UNUSED_FUNCTION = YES;
				GCC_WARN_UNUSED_VARIABLE = YES;
				IPHONEOS_DEPLOYMENT_TARGET = 17.2;
				LOCALIZATION_PREFERS_STRING_CATALOGS = YES;
				MTL_ENABLE_DEBUG_INFO = INCLUDE_SOURCE;
				MTL_FAST_MATH = YES;
				ONLY_ACTIVE_ARCH = YES;
				SDKROOT = iphoneos;
				SWIFT_ACTIVE_COMPILATION_CONDITIONS = "DEBUG $(inherited)";
				SWIFT_OPTIMIZATION_LEVEL = "-Onone";
			};
			name = Debug;
		};
		88B609B82BB3A4AF0007E667 /* Release */ = {
			isa = XCBuildConfiguration;
			buildSettings = {
				ALWAYS_SEARCH_USER_PATHS = NO;
				ASSETCATALOG_COMPILER_GENERATE_SWIFT_ASSET_SYMBOL_EXTENSIONS = YES;
				CLANG_ANALYZER_NONNULL = YES;
				CLANG_ANALYZER_NUMBER_OBJECT_CONVERSION = YES_AGGRESSIVE;
				CLANG_CXX_LANGUAGE_STANDARD = "gnu++20";
				CLANG_ENABLE_MODULES = YES;
				CLANG_ENABLE_OBJC_ARC = YES;
				CLANG_ENABLE_OBJC_WEAK = YES;
				CLANG_WARN_BLOCK_CAPTURE_AUTORELEASING = YES;
				CLANG_WARN_BOOL_CONVERSION = YES;
				CLANG_WARN_COMMA = YES;
				CLANG_WARN_CONSTANT_CONVERSION = YES;
				CLANG_WARN_DEPRECATED_OBJC_IMPLEMENTATIONS = YES;
				CLANG_WARN_DIRECT_OBJC_ISA_USAGE = YES_ERROR;
				CLANG_WARN_DOCUMENTATION_COMMENTS = YES;
				CLANG_WARN_EMPTY_BODY = YES;
				CLANG_WARN_ENUM_CONVERSION = YES;
				CLANG_WARN_INFINITE_RECURSION = YES;
				CLANG_WARN_INT_CONVERSION = YES;
				CLANG_WARN_NON_LITERAL_NULL_CONVERSION = YES;
				CLANG_WARN_OBJC_IMPLICIT_RETAIN_SELF = YES;
				CLANG_WARN_OBJC_LITERAL_CONVERSION = YES;
				CLANG_WARN_OBJC_ROOT_CLASS = YES_ERROR;
				CLANG_WARN_QUOTED_INCLUDE_IN_FRAMEWORK_HEADER = YES;
				CLANG_WARN_RANGE_LOOP_ANALYSIS = YES;
				CLANG_WARN_STRICT_PROTOTYPES = YES;
				CLANG_WARN_SUSPICIOUS_MOVE = YES;
				CLANG_WARN_UNGUARDED_AVAILABILITY = YES_AGGRESSIVE;
				CLANG_WARN_UNREACHABLE_CODE = YES;
				CLANG_WARN__DUPLICATE_METHOD_MATCH = YES;
				COPY_PHASE_STRIP = NO;
				DEBUG_INFORMATION_FORMAT = "dwarf-with-dsym";
				ENABLE_NS_ASSERTIONS = NO;
				ENABLE_STRICT_OBJC_MSGSEND = YES;
				ENABLE_USER_SCRIPT_SANDBOXING = YES;
				GCC_C_LANGUAGE_STANDARD = gnu17;
				GCC_NO_COMMON_BLOCKS = YES;
				GCC_WARN_64_TO_32_BIT_CONVERSION = YES;
				GCC_WARN_ABOUT_RETURN_TYPE = YES_ERROR;
				GCC_WARN_UNDECLARED_SELECTOR = YES;
				GCC_WARN_UNINITIALIZED_AUTOS = YES_AGGRESSIVE;
				GCC_WARN_UNUSED_FUNCTION = YES;
				GCC_WARN_UNUSED_VARIABLE = YES;
				IPHONEOS_DEPLOYMENT_TARGET = 17.2;
				LOCALIZATION_PREFERS_STRING_CATALOGS = YES;
				MTL_ENABLE_DEBUG_INFO = NO;
				MTL_FAST_MATH = YES;
				SDKROOT = iphoneos;
				SWIFT_COMPILATION_MODE = wholemodule;
				VALIDATE_PRODUCT = YES;
			};
			name = Release;
		};
		88B609BA2BB3A4AF0007E667 /* Debug */ = {
			isa = XCBuildConfiguration;
			buildSettings = {
				ASSETCATALOG_COMPILER_APPICON_NAME = AppIcon;
				ASSETCATALOG_COMPILER_GLOBAL_ACCENT_COLOR_NAME = AccentColor;
				CODE_SIGN_STYLE = Automatic;
				CURRENT_PROJECT_VERSION = 1;
				DEVELOPMENT_ASSET_PATHS = "\"coffee/Preview Content\"";
				DEVELOPMENT_TEAM = 4KWUX6ULKJ;
				ENABLE_PREVIEWS = YES;
				GENERATE_INFOPLIST_FILE = YES;
				INFOPLIST_FILE = coffee/Info.plist;
				INFOPLIST_KEY_UIApplicationSceneManifest_Generation = YES;
				INFOPLIST_KEY_UIApplicationSupportsIndirectInputEvents = YES;
				INFOPLIST_KEY_UILaunchScreen_Generation = YES;
				INFOPLIST_KEY_UISupportedInterfaceOrientations_iPad = "UIInterfaceOrientationPortrait UIInterfaceOrientationPortraitUpsideDown UIInterfaceOrientationLandscapeLeft UIInterfaceOrientationLandscapeRight";
				INFOPLIST_KEY_UISupportedInterfaceOrientations_iPhone = "UIInterfaceOrientationPortrait UIInterfaceOrientationLandscapeLeft UIInterfaceOrientationLandscapeRight";
				LD_RUNPATH_SEARCH_PATHS = (
					"$(inherited)",
					"@executable_path/Frameworks",
				);
				MARKETING_VERSION = 1.0;
				PRODUCT_BUNDLE_IDENTIFIER = com.mateus.coffee;
				PRODUCT_NAME = "$(TARGET_NAME)";
				SWIFT_EMIT_LOC_STRINGS = YES;
				SWIFT_VERSION = 5.0;
				TARGETED_DEVICE_FAMILY = "1,2";
			};
			name = Debug;
		};
		88B609BB2BB3A4AF0007E667 /* Release */ = {
			isa = XCBuildConfiguration;
			buildSettings = {
				ASSETCATALOG_COMPILER_APPICON_NAME = AppIcon;
				ASSETCATALOG_COMPILER_GLOBAL_ACCENT_COLOR_NAME = AccentColor;
				CODE_SIGN_STYLE = Automatic;
				CURRENT_PROJECT_VERSION = 1;
				DEVELOPMENT_ASSET_PATHS = "\"coffee/Preview Content\"";
				DEVELOPMENT_TEAM = 4KWUX6ULKJ;
				ENABLE_PREVIEWS = YES;
				GENERATE_INFOPLIST_FILE = YES;
				INFOPLIST_FILE = coffee/Info.plist;
				INFOPLIST_KEY_UIApplicationSceneManifest_Generation = YES;
				INFOPLIST_KEY_UIApplicationSupportsIndirectInputEvents = YES;
				INFOPLIST_KEY_UILaunchScreen_Generation = YES;
				INFOPLIST_KEY_UISupportedInterfaceOrientations_iPad = "UIInterfaceOrientationPortrait UIInterfaceOrientationPortraitUpsideDown UIInterfaceOrientationLandscapeLeft UIInterfaceOrientationLandscapeRight";
				INFOPLIST_KEY_UISupportedInterfaceOrientations_iPhone = "UIInterfaceOrientationPortrait UIInterfaceOrientationLandscapeLeft UIInterfaceOrientationLandscapeRight";
				LD_RUNPATH_SEARCH_PATHS = (
					"$(inherited)",
					"@executable_path/Frameworks",
				);
				MARKETING_VERSION = 1.0;
				PRODUCT_BUNDLE_IDENTIFIER = com.mateus.coffee;
				PRODUCT_NAME = "$(TARGET_NAME)";
				SWIFT_EMIT_LOC_STRINGS = YES;
				SWIFT_VERSION = 5.0;
				TARGETED_DEVICE_FAMILY = "1,2";
			};
			name = Release;
		};
		88B609BD2BB3A4AF0007E667 /* Debug */ = {
			isa = XCBuildConfiguration;
			buildSettings = {
				ALWAYS_EMBED_SWIFT_STANDARD_LIBRARIES = YES;
				BUNDLE_LOADER = "$(TEST_HOST)";
				CODE_SIGN_STYLE = Automatic;
				CURRENT_PROJECT_VERSION = 1;
				DEVELOPMENT_TEAM = 4KWUX6ULKJ;
				GENERATE_INFOPLIST_FILE = YES;
				IPHONEOS_DEPLOYMENT_TARGET = 17.2;
				MARKETING_VERSION = 1.0;
				PRODUCT_BUNDLE_IDENTIFIER = com.mateus.coffeeTests;
				PRODUCT_NAME = "$(TARGET_NAME)";
				SWIFT_EMIT_LOC_STRINGS = NO;
				SWIFT_VERSION = 5.0;
				TARGETED_DEVICE_FAMILY = "1,2";
				TEST_HOST = "$(BUILT_PRODUCTS_DIR)/coffee.app/$(BUNDLE_EXECUTABLE_FOLDER_PATH)/coffee";
			};
			name = Debug;
		};
		88B609BE2BB3A4AF0007E667 /* Release */ = {
			isa = XCBuildConfiguration;
			buildSettings = {
				ALWAYS_EMBED_SWIFT_STANDARD_LIBRARIES = YES;
				BUNDLE_LOADER = "$(TEST_HOST)";
				CODE_SIGN_STYLE = Automatic;
				CURRENT_PROJECT_VERSION = 1;
				DEVELOPMENT_TEAM = 4KWUX6ULKJ;
				GENERATE_INFOPLIST_FILE = YES;
				IPHONEOS_DEPLOYMENT_TARGET = 17.2;
				MARKETING_VERSION = 1.0;
				PRODUCT_BUNDLE_IDENTIFIER = com.mateus.coffeeTests;
				PRODUCT_NAME = "$(TARGET_NAME)";
				SWIFT_EMIT_LOC_STRINGS = NO;
				SWIFT_VERSION = 5.0;
				TARGETED_DEVICE_FAMILY = "1,2";
				TEST_HOST = "$(BUILT_PRODUCTS_DIR)/coffee.app/$(BUNDLE_EXECUTABLE_FOLDER_PATH)/coffee";
			};
			name = Release;
		};
		88B609C02BB3A4AF0007E667 /* Debug */ = {
			isa = XCBuildConfiguration;
			buildSettings = {
				ALWAYS_EMBED_SWIFT_STANDARD_LIBRARIES = YES;
				CODE_SIGN_STYLE = Automatic;
				CURRENT_PROJECT_VERSION = 1;
				DEVELOPMENT_TEAM = 4KWUX6ULKJ;
				GENERATE_INFOPLIST_FILE = YES;
				MARKETING_VERSION = 1.0;
				PRODUCT_BUNDLE_IDENTIFIER = com.mateus.coffeeUITests;
				PRODUCT_NAME = "$(TARGET_NAME)";
				SWIFT_EMIT_LOC_STRINGS = NO;
				SWIFT_VERSION = 5.0;
				TARGETED_DEVICE_FAMILY = "1,2";
				TEST_TARGET_NAME = coffee;
			};
			name = Debug;
		};
		88B609C12BB3A4AF0007E667 /* Release */ = {
			isa = XCBuildConfiguration;
			buildSettings = {
				ALWAYS_EMBED_SWIFT_STANDARD_LIBRARIES = YES;
				CODE_SIGN_STYLE = Automatic;
				CURRENT_PROJECT_VERSION = 1;
				DEVELOPMENT_TEAM = 4KWUX6ULKJ;
				GENERATE_INFOPLIST_FILE = YES;
				MARKETING_VERSION = 1.0;
				PRODUCT_BUNDLE_IDENTIFIER = com.mateus.coffeeUITests;
				PRODUCT_NAME = "$(TARGET_NAME)";
				SWIFT_EMIT_LOC_STRINGS = NO;
				SWIFT_VERSION = 5.0;
				TARGETED_DEVICE_FAMILY = "1,2";
				TEST_TARGET_NAME = coffee;
			};
			name = Release;
		};
/* End XCBuildConfiguration section */

/* Begin XCConfigurationList section */
		88B609902BB3A4AD0007E667 /* Build configuration list for PBXProject "coffee" */ = {
			isa = XCConfigurationList;
			buildConfigurations = (
				88B609B72BB3A4AF0007E667 /* Debug */,
				88B609B82BB3A4AF0007E667 /* Release */,
			);
			defaultConfigurationIsVisible = 0;
			defaultConfigurationName = Release;
		};
		88B609B92BB3A4AF0007E667 /* Build configuration list for PBXNativeTarget "coffee" */ = {
			isa = XCConfigurationList;
			buildConfigurations = (
				88B609BA2BB3A4AF0007E667 /* Debug */,
				88B609BB2BB3A4AF0007E667 /* Release */,
			);
			defaultConfigurationIsVisible = 0;
			defaultConfigurationName = Release;
		};
		88B609BC2BB3A4AF0007E667 /* Build configuration list for PBXNativeTarget "coffeeTests" */ = {
			isa = XCConfigurationList;
			buildConfigurations = (
				88B609BD2BB3A4AF0007E667 /* Debug */,
				88B609BE2BB3A4AF0007E667 /* Release */,
			);
			defaultConfigurationIsVisible = 0;
			defaultConfigurationName = Release;
		};
		88B609BF2BB3A4AF0007E667 /* Build configuration list for PBXNativeTarget "coffeeUITests" */ = {
			isa = XCConfigurationList;
			buildConfigurations = (
				88B609C02BB3A4AF0007E667 /* Debug */,
				88B609C12BB3A4AF0007E667 /* Release */,
			);
			defaultConfigurationIsVisible = 0;
			defaultConfigurationName = Release;
		};
/* End XCConfigurationList section */
	};
	rootObject = 88B6098D2BB3A4AD0007E667 /* Project object */;
}
